PODS:
  - AFNetworking (3.2.1):
    - AFNetworking/NSURLSession (= 3.2.1)
    - AFNetworking/Reachability (= 3.2.1)
    - AFNetworking/Security (= 3.2.1)
    - AFNetworking/Serialization (= 3.2.1)
    - AFNetworking/UIKit (= 3.2.1)
  - AFNetworking/NSURLSession (3.2.1):
    - AFNetworking/Reachability
    - AFNetworking/Security
    - AFNetworking/Serialization
  - AFNetworking/Reachability (3.2.1)
  - AFNetworking/Security (3.2.1)
  - AFNetworking/Serialization (3.2.1)
  - AFNetworking/UIKit (3.2.1):
    - AFNetworking/NSURLSession
  - CoreNetWorkingLib (0.2.1):
    - AFNetworking (~> 3.2.1)
    - SVProgressHUD (~> 2.2.5)
    - TXModel (~> 1.0.1)
  - SVProgressHUD (2.2.5)
  - TXModel (1.0.1)

DEPENDENCIES:
  - CoreNetWorkingLib (from `../`)

SPEC REPOS:
  https://github.com/cocoapods/specs.git:
    - AFNetworking
    - SVProgressHUD
    - TXModel

EXTERNAL SOURCES:
  CoreNetWorkingLib:
    :path: "../"

SPEC CHECKSUMS:
  AFNetworking: b6f891fdfaed196b46c7a83cf209e09697b94057
  CoreNetWorkingLib: 85a5a9ff47001086b2265178afe621ecae7e3dcb
  SVProgressHUD: 1428aafac632c1f86f62aa4243ec12008d7a51d6
  TXModel: 116bca2566ae582e273af09448af4a617b1bf050

PODFILE CHECKSUM: c1cc642f5be1509750b3f837f78a2de5e1ed4843

COCOAPODS: 1.6.1
